
Microsoft Visual Studio Solution File, Format Version 12.00
# Visual Studio 15
Project("{FAE04EC0-301F-11D3-BF4B-00C04F79EFBC}") = "Assembly-CSharp", "Assembly-CSharp.csproj", "{843A41FC-DE40-C291-3587-A0116E8ABC9A}"
EndProject
Project("{FAE04EC0-301F-11D3-BF4B-00C04F79EFBC}") = "Assembly-CSharp", "Assembly-CSharp.Player.csproj", "{EE383F1B-E5B2-BD95-507E-9071E9D5B61F}"
EndProject
Global
	GlobalSection(SolutionConfigurationPlatforms) = preSolution
		Debug|Any CPU = Debug|Any CPU
		Release|Any CPU = Release|Any CPU
	EndGlobalSection
	GlobalSection(ProjectConfigurationPlatforms) = postSolution
		{843A41FC-DE40-C291-3587-A0116E8ABC9A}.Debug|Any CPU.ActiveCfg = Debug|Any CPU
		{843A41FC-DE40-C291-3587-A0116E8ABC9A}.Debug|Any CPU.Build.0 = Debug|Any CPU
		{843A41FC-DE40-C291-3587-A0116E8ABC9A}.Release|Any CPU.ActiveCfg = Release|Any CPU
		{843A41FC-DE40-C291-3587-A0116E8ABC9A}.Release|Any CPU.Build.0 = Release|Any CPU
		{EE383F1B-E5B2-BD95-507E-9071E9D5B61F}.Debug|Any CPU.ActiveCfg = Debug|Any CPU
		{EE383F1B-E5B2-BD95-507E-9071E9D5B61F}.Debug|Any CPU.Build.0 = Debug|Any CPU
		{EE383F1B-E5B2-BD95-507E-9071E9D5B61F}.Release|Any CPU.ActiveCfg = Release|Any CPU
		{EE383F1B-E5B2-BD95-507E-9071E9D5B61F}.Release|Any CPU.Build.0 = Release|Any CPU
	EndGlobalSection
	GlobalSection(SolutionProperties) = preSolution
		HideSolutionNode = FALSE
	EndGlobalSection
EndGlobal
