
Microsoft Visual Studio Solution File, Format Version 12.00
# Visual Studio 15
Project("{FAE04EC0-301F-11D3-BF4B-00C04F79EFBC}") = "Assembly-CSharp", "Assembly-CSharp.csproj", "{99153A2A-F8BF-620F-6A4A-72C323AFD971}"
EndProject
Project("{FAE04EC0-301F-11D3-BF4B-00C04F79EFBC}") = "VContainer", "VContainer.csproj", "{8387D63A-4D2A-7EF7-C44C-E5ECDC670302}"
EndProject
Project("{FAE04EC0-301F-11D3-BF4B-00C04F79EFBC}") = "VContainer.Editor", "VContainer.Editor.csproj", "{314ED030-B2CA-5DD3-2F2E-3D6D5542CA1B}"
EndProject
Global
	GlobalSection(SolutionConfigurationPlatforms) = preSolution
		Debug|Any CPU = Debug|Any CPU
		Release|Any CPU = Release|Any CPU
	EndGlobalSection
	GlobalSection(ProjectConfigurationPlatforms) = postSolution
		{99153A2A-F8BF-620F-6A4A-72C323AFD971}.Debug|Any CPU.ActiveCfg = Debug|Any CPU
		{99153A2A-F8BF-620F-6A4A-72C323AFD971}.Debug|Any CPU.Build.0 = Debug|Any CPU
		{99153A2A-F8BF-620F-6A4A-72C323AFD971}.Release|Any CPU.ActiveCfg = Release|Any CPU
		{99153A2A-F8BF-620F-6A4A-72C323AFD971}.Release|Any CPU.Build.0 = Release|Any CPU
		{8387D63A-4D2A-7EF7-C44C-E5ECDC670302}.Debug|Any CPU.ActiveCfg = Debug|Any CPU
		{8387D63A-4D2A-7EF7-C44C-E5ECDC670302}.Debug|Any CPU.Build.0 = Debug|Any CPU
		{8387D63A-4D2A-7EF7-C44C-E5ECDC670302}.Release|Any CPU.ActiveCfg = Release|Any CPU
		{8387D63A-4D2A-7EF7-C44C-E5ECDC670302}.Release|Any CPU.Build.0 = Release|Any CPU
		{314ED030-B2CA-5DD3-2F2E-3D6D5542CA1B}.Debug|Any CPU.ActiveCfg = Debug|Any CPU
		{314ED030-B2CA-5DD3-2F2E-3D6D5542CA1B}.Debug|Any CPU.Build.0 = Debug|Any CPU
		{314ED030-B2CA-5DD3-2F2E-3D6D5542CA1B}.Release|Any CPU.ActiveCfg = Release|Any CPU
		{314ED030-B2CA-5DD3-2F2E-3D6D5542CA1B}.Release|Any CPU.Build.0 = Release|Any CPU
	EndGlobalSection
	GlobalSection(SolutionProperties) = preSolution
		HideSolutionNode = FALSE
	EndGlobalSection
EndGlobal
